
Microsoft Visual Studio Solution File, Format Version 12.00
# Visual Studio Version 16
VisualStudioVersion = 16.0.31321.278
MinimumVisualStudioVersion = 10.0.40219.1
Project("{8BC9CEB8-8B4A-11D0-8D11-00A0C91BC942}") = "EquationFixer", "EquationFixer\EquationFixer.vcxproj", "{26DBCFC7-8A78-4BF4-B3CE-EE962AB7C7CA}"
EndProject
Global
	GlobalSection(SolutionConfigurationPlatforms) = preSolution
		Debug|x64 = Debug|x64
		Debug|x86 = Debug|x86
		Release|x64 = Release|x64
		Release|x86 = Release|x86
	EndGlobalSection
	GlobalSection(ProjectConfigurationPlatforms) = postSolution
		{26DBCFC7-8A78-4BF4-B3CE-EE962AB7C7CA}.Debug|x64.ActiveCfg = Debug|x64
		{26DBCFC7-8A78-4BF4-B3CE-EE962AB7C7CA}.Debug|x64.Build.0 = Debug|x64
		{26DBCFC7-8A78-4BF4-B3CE-EE962AB7C7CA}.Debug|x86.ActiveCfg = Debug|Win32
		{26DBCFC7-8A78-4BF4-B3CE-EE962AB7C7CA}.Debug|x86.Build.0 = Debug|Win32
		{26DBCFC7-8A78-4BF4-B3CE-EE962AB7C7CA}.Release|x64.ActiveCfg = Release|x64
		{26DBCFC7-8A78-4BF4-B3CE-EE962AB7C7CA}.Release|x64.Build.0 = Release|x64
		{26DBCFC7-8A78-4BF4-B3CE-EE962AB7C7CA}.Release|x86.ActiveCfg = Release|Win32
		{26DBCFC7-8A78-4BF4-B3CE-EE962AB7C7CA}.Release|x86.Build.0 = Release|Win32
	EndGlobalSection
	GlobalSection(SolutionProperties) = preSolution
		HideSolutionNode = FALSE
	EndGlobalSection
	GlobalSection(ExtensibilityGlobals) = postSolution
		SolutionGuid = {CE8C51B4-9ADD-4C05-AFEC-565DFF77C942}
	EndGlobalSection
EndGlobal
